// !$*UTF8*$!
{
	archiveVersion = 1;
	classes = {
	};
	objectVersion = 46;
	objects = {

/* Begin PBXBuildFile section */
		4080F45C1BA8ACC200573116 /* AppDelegate.swift in Sources */ = {isa = PBXBuildFile; fileRef = 4080F45B1BA8ACC200573116 /* AppDelegate.swift */; };
		4080F45E1BA8ACC200573116 /* ViewController.swift in Sources */ = {isa = PBXBuildFile; fileRef = 4080F45D1BA8ACC200573116 /* ViewController.swift */; };
		4080F4611BA8ACC200573116 /* Main.storyboard in Resources */ = {isa = PBXBuildFile; fileRef = 4080F45F1BA8ACC200573116 /* Main.storyboard */; };
		4080F4631BA8ACC200573116 /* Images.xcassets in Resources */ = {isa = PBXBuildFile; fileRef = 4080F4621BA8ACC200573116 /* Images.xcassets */; };
		4080F4661BA8ACC200573116 /* LaunchScreen.xib in Resources */ = {isa = PBXBuildFile; fileRef = 4080F4641BA8ACC200573116 /* LaunchScreen.xib */; };
		4080F4721BA8ACC200573116 /* RFduinoLedButtonInSwiftTests.swift in Sources */ = {isa = PBXBuildFile; fileRef = 4080F4711BA8ACC200573116 /* RFduinoLedButtonInSwiftTests.swift */; };
		4080F4881BA8ACFB00573116 /* AppDelegate.m in Sources */ = {isa = PBXBuildFile; fileRef = 4080F47D1BA8ACFB00573116 /* AppDelegate.m */; };
		4080F4891BA8ACFB00573116 /* CustomCellBackground.m in Sources */ = {isa = PBXBuildFile; fileRef = 4080F47F1BA8ACFB00573116 /* CustomCellBackground.m */; };
		4080F48A1BA8ACFB00573116 /* RFduino.m in Sources */ = {isa = PBXBuildFile; fileRef = 4080F4811BA8ACFB00573116 /* RFduino.m */; };
		4080F48B1BA8ACFB00573116 /* RfduinoManager.m in Sources */ = {isa = PBXBuildFile; fileRef = 4080F4841BA8ACFB00573116 /* RfduinoManager.m */; };
		4080F48C1BA8ACFB00573116 /* ScanViewController.m in Sources */ = {isa = PBXBuildFile; fileRef = 4080F4871BA8ACFB00573116 /* ScanViewController.m */; };
/* End PBXBuildFile section */

/* Begin PBXContainerItemProxy section */
		4080F46C1BA8ACC200573116 /* PBXContainerItemProxy */ = {
			isa = PBXContainerItemProxy;
			containerPortal = 4080F44E1BA8ACC100573116 /* Project object */;
			proxyType = 1;
			remoteGlobalIDString = 4080F4551BA8ACC200573116;
			remoteInfo = RFduinoLedButtonInSwift;
		};
/* End PBXContainerItemProxy section */

/* Begin PBXFileReference section */
		4080F4561BA8ACC200573116 /* RFduinoLedButtonInSwift.app */ = {isa = PBXFileReference; explicitFileType = wrapper.application; includeInIndex = 0; path = RFduinoLedButtonInSwift.app; sourceTree = BUILT_PRODUCTS_DIR; };
		4080F45A1BA8ACC200573116 /* Info.plist */ = {isa = PBXFileReference; lastKnownFileType = text.plist.xml; path = Info.plist; sourceTree = "<group>"; };
		4080F45B1BA8ACC200573116 /* AppDelegate.swift */ = {isa = PBXFileReference; lastKnownFileType = sourcecode.swift; path = AppDelegate.swift; sourceTree = "<group>"; };
		4080F45D1BA8ACC200573116 /* ViewController.swift */ = {isa = PBXFileReference; lastKnownFileType = sourcecode.swift; path = ViewController.swift; sourceTree = "<group>"; };
		4080F4601BA8ACC200573116 /* Base */ = {isa = PBXFileReference; lastKnownFileType = file.storyboard; name = Base; path = Base.lproj/Main.storyboard; sourceTree = "<group>"; };
		4080F4621BA8ACC200573116 /* Images.xcassets */ = {isa = PBXFileReference; lastKnownFileType = folder.assetcatalog; path = Images.xcassets; sourceTree = "<group>"; };
		4080F4651BA8ACC200573116 /* Base */ = {isa = PBXFileReference; lastKnownFileType = file.xib; name = Base; path = Base.lproj/LaunchScreen.xib; sourceTree = "<group>"; };
		4080F46B1BA8ACC200573116 /* RFduinoLedButtonInSwiftTests.xctest */ = {isa = PBXFileReference; explicitFileType = wrapper.cfbundle; includeInIndex = 0; path = RFduinoLedButtonInSwiftTests.xctest; sourceTree = BUILT_PRODUCTS_DIR; };
		4080F4701BA8ACC200573116 /* Info.plist */ = {isa = PBXFileReference; lastKnownFileType = text.plist.xml; path = Info.plist; sourceTree = "<group>"; };
		4080F4711BA8ACC200573116 /* RFduinoLedButtonInSwiftTests.swift */ = {isa = PBXFileReference; lastKnownFileType = sourcecode.swift; path = RFduinoLedButtonInSwiftTests.swift; sourceTree = "<group>"; };
		4080F47C1BA8ACFB00573116 /* AppDelegate.h */ = {isa = PBXFileReference; fileEncoding = 4; lastKnownFileType = sourcecode.c.h; path = AppDelegate.h; sourceTree = "<group>"; };
		4080F47D1BA8ACFB00573116 /* AppDelegate.m */ = {isa = PBXFileReference; fileEncoding = 4; lastKnownFileType = sourcecode.c.objc; path = AppDelegate.m; sourceTree = "<group>"; };
		4080F47E1BA8ACFB00573116 /* CustomCellBackground.h */ = {isa = PBXFileReference; fileEncoding = 4; lastKnownFileType = sourcecode.c.h; path = CustomCellBackground.h; sourceTree = "<group>"; };
		4080F47F1BA8ACFB00573116 /* CustomCellBackground.m */ = {isa = PBXFileReference; fileEncoding = 4; lastKnownFileType = sourcecode.c.objc; path = CustomCellBackground.m; sourceTree = "<group>"; };
		4080F4801BA8ACFB00573116 /* RFduino.h */ = {isa = PBXFileReference; fileEncoding = 4; lastKnownFileType = sourcecode.c.h; path = RFduino.h; sourceTree = "<group>"; };
		4080F4811BA8ACFB00573116 /* RFduino.m */ = {isa = PBXFileReference; fileEncoding = 4; lastKnownFileType = sourcecode.c.objc; path = RFduino.m; sourceTree = "<group>"; };
		4080F4821BA8ACFB00573116 /* RFduinoDelegate.h */ = {isa = PBXFileReference; fileEncoding = 4; lastKnownFileType = sourcecode.c.h; path = RFduinoDelegate.h; sourceTree = "<group>"; };
		4080F4831BA8ACFB00573116 /* RfduinoManager.h */ = {isa = PBXFileReference; fileEncoding = 4; lastKnownFileType = sourcecode.c.h; path = RfduinoManager.h; sourceTree = "<group>"; };
		4080F4841BA8ACFB00573116 /* RfduinoManager.m */ = {isa = PBXFileReference; fileEncoding = 4; lastKnownFileType = sourcecode.c.objc; path = RfduinoManager.m; sourceTree = "<group>"; };
		4080F4851BA8ACFB00573116 /* RFduinoManagerDelegate.h */ = {isa = PBXFileReference; fileEncoding = 4; lastKnownFileType = sourcecode.c.h; path = RFduinoManagerDelegate.h; sourceTree = "<group>"; };
		4080F4861BA8ACFB00573116 /* ScanViewController.h */ = {isa = PBXFileReference; fileEncoding = 4; lastKnownFileType = sourcecode.c.h; path = ScanViewController.h; sourceTree = "<group>"; };
		4080F4871BA8ACFB00573116 /* ScanViewController.m */ = {isa = PBXFileReference; fileEncoding = 4; lastKnownFileType = sourcecode.c.objc; path = ScanViewController.m; sourceTree = "<group>"; };
		4080F48F1BA8AEC400573116 /* RFduinoLedButtonInSwift-Bridging-Header.h */ = {isa = PBXFileReference; lastKnownFileType = sourcecode.c.h; path = "RFduinoLedButtonInSwift-Bridging-Header.h"; sourceTree = "<group>"; };
/* End PBXFileReference section */

/* Begin PBXFrameworksBuildPhase section */
		4080F4531BA8ACC200573116 /* Frameworks */ = {
			isa = PBXFrameworksBuildPhase;
			buildActionMask = 2147483647;
			files = (
			);
			runOnlyForDeploymentPostprocessing = 0;
		};
		4080F4681BA8ACC200573116 /* Frameworks */ = {
			isa = PBXFrameworksBuildPhase;
			buildActionMask = 2147483647;
			files = (
			);
			runOnlyForDeploymentPostprocessing = 0;
		};
/* End PBXFrameworksBuildPhase section */

/* Begin PBXGroup section */
		4080F44D1BA8ACC100573116 = {
			isa = PBXGroup;
			children = (
				4080F47B1BA8ACFB00573116 /* rfduino */,
				4080F4581BA8ACC200573116 /* RFduinoLedButtonInSwift */,
				4080F46E1BA8ACC200573116 /* RFduinoLedButtonInSwiftTests */,
				4080F4571BA8ACC200573116 /* Products */,
			);
			sourceTree = "<group>";
		};
		4080F4571BA8ACC200573116 /* Products */ = {
			isa = PBXGroup;
			children = (
				4080F4561BA8ACC200573116 /* RFduinoLedButtonInSwift.app */,
				4080F46B1BA8ACC200573116 /* RFduinoLedButtonInSwiftTests.xctest */,
			);
			name = Products;
			sourceTree = "<group>";
		};
		4080F4581BA8ACC200573116 /* RFduinoLedButtonInSwift */ = {
			isa = PBXGroup;
			children = (
				4080F48F1BA8AEC400573116 /* RFduinoLedButtonInSwift-Bridging-Header.h */,
				4080F45B1BA8ACC200573116 /* AppDelegate.swift */,
				4080F45D1BA8ACC200573116 /* ViewController.swift */,
				4080F45F1BA8ACC200573116 /* Main.storyboard */,
				4080F4621BA8ACC200573116 /* Images.xcassets */,
				4080F4641BA8ACC200573116 /* LaunchScreen.xib */,
				4080F4591BA8ACC200573116 /* Supporting Files */,
			);
			path = RFduinoLedButtonInSwift;
			sourceTree = "<group>";
		};
		4080F4591BA8ACC200573116 /* Supporting Files */ = {
			isa = PBXGroup;
			children = (
				4080F45A1BA8ACC200573116 /* Info.plist */,
			);
			name = "Supporting Files";
			sourceTree = "<group>";
		};
		4080F46E1BA8ACC200573116 /* RFduinoLedButtonInSwiftTests */ = {
			isa = PBXGroup;
			children = (
				4080F4711BA8ACC200573116 /* RFduinoLedButtonInSwiftTests.swift */,
				4080F46F1BA8ACC200573116 /* Supporting Files */,
			);
			path = RFduinoLedButtonInSwiftTests;
			sourceTree = "<group>";
		};
		4080F46F1BA8ACC200573116 /* Supporting Files */ = {
			isa = PBXGroup;
			children = (
				4080F4701BA8ACC200573116 /* Info.plist */,
			);
			name = "Supporting Files";
			sourceTree = "<group>";
		};
		4080F47B1BA8ACFB00573116 /* rfduino */ = {
			isa = PBXGroup;
			children = (
				4080F47C1BA8ACFB00573116 /* AppDelegate.h */,
				4080F47D1BA8ACFB00573116 /* AppDelegate.m */,
				4080F47E1BA8ACFB00573116 /* CustomCellBackground.h */,
				4080F47F1BA8ACFB00573116 /* CustomCellBackground.m */,
				4080F4801BA8ACFB00573116 /* RFduino.h */,
				4080F4811BA8ACFB00573116 /* RFduino.m */,
				4080F4821BA8ACFB00573116 /* RFduinoDelegate.h */,
				4080F4831BA8ACFB00573116 /* RfduinoManager.h */,
				4080F4841BA8ACFB00573116 /* RfduinoManager.m */,
				4080F4851BA8ACFB00573116 /* RFduinoManagerDelegate.h */,
				4080F4861BA8ACFB00573116 /* ScanViewController.h */,
				4080F4871BA8ACFB00573116 /* ScanViewController.m */,
			);
			path = rfduino;
			sourceTree = "<group>";
		};
/* End PBXGroup section */

/* Begin PBXNativeTarget section */
		4080F4551BA8ACC200573116 /* RFduinoLedButtonInSwift */ = {
			isa = PBXNativeTarget;
			buildConfigurationList = 4080F4751BA8ACC200573116 /* Build configuration list for PBXNativeTarget "RFduinoLedButtonInSwift" */;
			buildPhases = (
				4080F4521BA8ACC200573116 /* Sources */,
				4080F4531BA8ACC200573116 /* Frameworks */,
				4080F4541BA8ACC200573116 /* Resources */,
			);
			buildRules = (
			);
			dependencies = (
			);
			name = RFduinoLedButtonInSwift;
			productName = RFduinoLedButtonInSwift;
			productReference = 4080F4561BA8ACC200573116 /* RFduinoLedButtonInSwift.app */;
			productType = "com.apple.product-type.application";
		};
		4080F46A1BA8ACC200573116 /* RFduinoLedButtonInSwiftTests */ = {
			isa = PBXNativeTarget;
			buildConfigurationList = 4080F4781BA8ACC200573116 /* Build configuration list for PBXNativeTarget "RFduinoLedButtonInSwiftTests" */;
			buildPhases = (
				4080F4671BA8ACC200573116 /* Sources */,
				4080F4681BA8ACC200573116 /* Frameworks */,
				4080F4691BA8ACC200573116 /* Resources */,
			);
			buildRules = (
			);
			dependencies = (
				4080F46D1BA8ACC200573116 /* PBXTargetDependency */,
			);
			name = RFduinoLedButtonInSwiftTests;
			productName = RFduinoLedButtonInSwiftTests;
			productReference = 4080F46B1BA8ACC200573116 /* RFduinoLedButtonInSwiftTests.xctest */;
			productType = "com.apple.product-type.bundle.unit-test";
		};
/* End PBXNativeTarget section */

/* Begin PBXProject section */
		4080F44E1BA8ACC100573116 /* Project object */ = {
			isa = PBXProject;
			attributes = {
				LastUpgradeCheck = 0640;
				ORGANIZATIONNAME = TrainFES;
				TargetAttributes = {
					4080F4551BA8ACC200573116 = {
						CreatedOnToolsVersion = 6.4;
					};
					4080F46A1BA8ACC200573116 = {
						CreatedOnToolsVersion = 6.4;
						TestTargetID = 4080F4551BA8ACC200573116;
					};
				};
			};
			buildConfigurationList = 4080F4511BA8ACC100573116 /* Build configuration list for PBXProject "RFduinoLedButtonInSwift" */;
			compatibilityVersion = "Xcode 3.2";
			developmentRegion = English;
			hasScannedForEncodings = 0;
			knownRegions = (
				en,
				Base,
			);
			mainGroup = 4080F44D1BA8ACC100573116;
			productRefGroup = 4080F4571BA8ACC200573116 /* Products */;
			projectDirPath = "";
			projectRoot = "";
			targets = (
				4080F4551BA8ACC200573116 /* RFduinoLedButtonInSwift */,
				4080F46A1BA8ACC200573116 /* RFduinoLedButtonInSwiftTests */,
			);
		};
/* End PBXProject section */

/* Begin PBXResourcesBuildPhase section */
		4080F4541BA8ACC200573116 /* Resources */ = {
			isa = PBXResourcesBuildPhase;
			buildActionMask = 2147483647;
			files = (
				4080F4611BA8ACC200573116 /* Main.storyboard in Resources */,
				4080F4661BA8ACC200573116 /* LaunchScreen.xib in Resources */,
				4080F4631BA8ACC200573116 /* Images.xcassets in Resources */,
			);
			runOnlyForDeploymentPostprocessing = 0;
		};
		4080F4691BA8ACC200573116 /* Resources */ = {
			isa = PBXResourcesBuildPhase;
			buildActionMask = 2147483647;
			files = (
			);
			runOnlyForDeploymentPostprocessing = 0;
		};
/* End PBXResourcesBuildPhase section */

/* Begin PBXSourcesBuildPhase section */
		4080F4521BA8ACC200573116 /* Sources */ = {
			isa = PBXSourcesBuildPhase;
			buildActionMask = 2147483647;
			files = (
				4080F4891BA8ACFB00573116 /* CustomCellBackground.m in Sources */,
				4080F48B1BA8ACFB00573116 /* RfduinoManager.m in Sources */,
				4080F45E1BA8ACC200573116 /* ViewController.swift in Sources */,
				4080F45C1BA8ACC200573116 /* AppDelegate.swift in Sources */,
				4080F48C1BA8ACFB00573116 /* ScanViewController.m in Sources */,
				4080F4881BA8ACFB00573116 /* AppDelegate.m in Sources */,
				4080F48A1BA8ACFB00573116 /* RFduino.m in Sources */,
			);
			runOnlyForDeploymentPostprocessing = 0;
		};
		4080F4671BA8ACC200573116 /* Sources */ = {
			isa = PBXSourcesBuildPhase;
			buildActionMask = 2147483647;
			files = (
				4080F4721BA8ACC200573116 /* RFduinoLedButtonInSwiftTests.swift in Sources */,
			);
			runOnlyForDeploymentPostprocessing = 0;
		};
/* End PBXSourcesBuildPhase section */

/* Begin PBXTargetDependency section */
		4080F46D1BA8ACC200573116 /* PBXTargetDependency */ = {
			isa = PBXTargetDependency;
			target = 4080F4551BA8ACC200573116 /* RFduinoLedButtonInSwift */;
			targetProxy = 4080F46C1BA8ACC200573116 /* PBXContainerItemProxy */;
		};
/* End PBXTargetDependency section */

/* Begin PBXVariantGroup section */
		4080F45F1BA8ACC200573116 /* Main.storyboard */ = {
			isa = PBXVariantGroup;
			children = (
				4080F4601BA8ACC200573116 /* Base */,
			);
			name = Main.storyboard;
			sourceTree = "<group>";
		};
		4080F4641BA8ACC200573116 /* LaunchScreen.xib */ = {
			isa = PBXVariantGroup;
			children = (
				4080F4651BA8ACC200573116 /* Base */,
			);
			name = LaunchScreen.xib;
			sourceTree = "<group>";
		};
/* End PBXVariantGroup section */

/* Begin XCBuildConfiguration section */
		4080F4731BA8ACC200573116 /* Debug */ = {
			isa = XCBuildConfiguration;
			buildSettings = {
				ALWAYS_SEARCH_USER_PATHS = NO;
				CLANG_CXX_LANGUAGE_STANDARD = "gnu++0x";
				CLANG_CXX_LIBRARY = "libc++";
				CLANG_ENABLE_MODULES = YES;
				CLANG_ENABLE_OBJC_ARC = YES;
				CLANG_WARN_BOOL_CONVERSION = YES;
				CLANG_WARN_CONSTANT_CONVERSION = YES;
				CLANG_WARN_DIRECT_OBJC_ISA_USAGE = YES_ERROR;
				CLANG_WARN_EMPTY_BODY = YES;
				CLANG_WARN_ENUM_CONVERSION = YES;
				CLANG_WARN_INT_CONVERSION = YES;
				CLANG_WARN_OBJC_ROOT_CLASS = YES_ERROR;
				CLANG_WARN_UNREACHABLE_CODE = YES;
				CLANG_WARN__DUPLICATE_METHOD_MATCH = YES;
				"CODE_SIGN_IDENTITY[sdk=iphoneos*]" = "iPhone Developer";
				COPY_PHASE_STRIP = NO;
				DEBUG_INFORMATION_FORMAT = "dwarf-with-dsym";
				ENABLE_STRICT_OBJC_MSGSEND = YES;
				GCC_C_LANGUAGE_STANDARD = gnu99;
				GCC_DYNAMIC_NO_PIC = NO;
				GCC_NO_COMMON_BLOCKS = YES;
				GCC_OPTIMIZATION_LEVEL = 0;
				GCC_PREPROCESSOR_DEFINITIONS = (
					"DEBUG=1",
					"$(inherited)",
				);
				GCC_SYMBOLS_PRIVATE_EXTERN = NO;
				GCC_WARN_64_TO_32_BIT_CONVERSION = YES;
				GCC_WARN_ABOUT_RETURN_TYPE = YES_ERROR;
				GCC_WARN_UNDECLARED_SELECTOR = YES;
				GCC_WARN_UNINITIALIZED_AUTOS = YES_AGGRESSIVE;
				GCC_WARN_UNUSED_FUNCTION = YES;
				GCC_WARN_UNUSED_VARIABLE = YES;
				IPHONEOS_DEPLOYMENT_TARGET = 8.4;
				MTL_ENABLE_DEBUG_INFO = YES;
				ONLY_ACTIVE_ARCH = YES;
				SDKROOT = iphoneos;
				SWIFT_OPTIMIZATION_LEVEL = "-Onone";
			};
			name = Debug;
		};
		4080F4741BA8ACC200573116 /* Release */ = {
			isa = XCBuildConfiguration;
			buildSettings = {
				ALWAYS_SEARCH_USER_PATHS = NO;
				CLANG_CXX_LANGUAGE_STANDARD = "gnu++0x";
				CLANG_CXX_LIBRARY = "libc++";
				CLANG_ENABLE_MODULES = YES;
				CLANG_ENABLE_OBJC_ARC = YES;
				CLANG_WARN_BOOL_CONVERSION = YES;
				CLANG_WARN_CONSTANT_CONVERSION = YES;
				CLANG_WARN_DIRECT_OBJC_ISA_USAGE = YES_ERROR;
				CLANG_WARN_EMPTY_BODY = YES;
				CLANG_WARN_ENUM_CONVERSION = YES;
				CLANG_WARN_INT_CONVERSION = YES;
				CLANG_WARN_OBJC_ROOT_CLASS = YES_ERROR;
				CLANG_WARN_UNREACHABLE_CODE = YES;
				CLANG_WARN__DUPLICATE_METHOD_MATCH = YES;
				"CODE_SIGN_IDENTITY[sdk=iphoneos*]" = "iPhone Developer";
				COPY_PHASE_STRIP = NO;
				DEBUG_INFORMATION_FORMAT = "dwarf-with-dsym";
				ENABLE_NS_ASSERTIONS = NO;
				ENABLE_STRICT_OBJC_MSGSEND = YES;
				GCC_C_LANGUAGE_STANDARD = gnu99;
				GCC_NO_COMMON_BLOCKS = YES;
				GCC_WARN_64_TO_32_BIT_CONVERSION = YES;
				GCC_WARN_ABOUT_RETURN_TYPE = YES_ERROR;
				GCC_WARN_UNDECLARED_SELECTOR = YES;
				GCC_WARN_UNINITIALIZED_AUTOS = YES_AGGRESSIVE;
				GCC_WARN_UNUSED_FUNCTION = YES;
				GCC_WARN_UNUSED_VARIABLE = YES;
				IPHONEOS_DEPLOYMENT_TARGET = 8.4;
				MTL_ENABLE_DEBUG_INFO = NO;
				SDKROOT = iphoneos;
				VALIDATE_PRODUCT = YES;
			};
			name = Release;
		};
		4080F4761BA8ACC200573116 /* Debug */ = {
			isa = XCBuildConfiguration;
			buildSettings = {
				ASSETCATALOG_COMPILER_APPICON_NAME = AppIcon;
				INFOPLIST_FILE = RFduinoLedButtonInSwift/Info.plist;
				LD_RUNPATH_SEARCH_PATHS = "$(inherited) @executable_path/Frameworks";
				PRODUCT_NAME = "$(TARGET_NAME)";
				SWIFT_OBJC_BRIDGING_HEADER = "RFduinoLedButtonInSwift/RFDuinoLedButtonInSwift-Bridging-Header.h";
			};
			name = Debug;
		};
		4080F4771BA8ACC200573116 /* Release */ = {
			isa = XCBuildConfiguration;
			buildSettings = {
				ASSETCATALOG_COMPILER_APPICON_NAME = AppIcon;
				INFOPLIST_FILE = RFduinoLedButtonInSwift/Info.plist;
				LD_RUNPATH_SEARCH_PATHS = "$(inherited) @executable_path/Frameworks";
				PRODUCT_NAME = "$(TARGET_NAME)";
				SWIFT_OBJC_BRIDGING_HEADER = "RFduinoLedButtonInSwift/RFDuinoLedButtonInSwift-Bridging-Header.h";
			};
			name = Release;
		};
		4080F4791BA8ACC200573116 /* Debug */ = {
			isa = XCBuildConfiguration;
			buildSettings = {
				BUNDLE_LOADER = "$(TEST_HOST)";
				FRAMEWORK_SEARCH_PATHS = (
					"$(SDKROOT)/Developer/Library/Frameworks",
					"$(inherited)",
				);
				GCC_PREPROCESSOR_DEFINITIONS = (
					"DEBUG=1",
					"$(inherited)",
				);
				INFOPLIST_FILE = RFduinoLedButtonInSwiftTests/Info.plist;
				LD_RUNPATH_SEARCH_PATHS = "$(inherited) @executable_path/Frameworks @loader_path/Frameworks";
				PRODUCT_NAME = "$(TARGET_NAME)";
				TEST_HOST = "$(BUILT_PRODUCTS_DIR)/RFduinoLedButtonInSwift.app/RFduinoLedButtonInSwift";
			};
			name = Debug;
		};
		4080F47A1BA8ACC200573116 /* Release */ = {
			isa = XCBuildConfiguration;
			buildSettings = {
				BUNDLE_LOADER = "$(TEST_HOST)";
				FRAMEWORK_SEARCH_PATHS = (
					"$(SDKROOT)/Developer/Library/Frameworks",
					"$(inherited)",
				);
				INFOPLIST_FILE = RFduinoLedButtonInSwiftTests/Info.plist;
				LD_RUNPATH_SEARCH_PATHS = "$(inherited) @executable_path/Frameworks @loader_path/Frameworks";
				PRODUCT_NAME = "$(TARGET_NAME)";
				TEST_HOST = "$(BUILT_PRODUCTS_DIR)/RFduinoLedButtonInSwift.app/RFduinoLedButtonInSwift";
			};
			name = Release;
		};
/* End XCBuildConfiguration section */

/* Begin XCConfigurationList section */
		4080F4511BA8ACC100573116 /* Build configuration list for PBXProject "RFduinoLedButtonInSwift" */ = {
			isa = XCConfigurationList;
			buildConfigurations = (
				4080F4731BA8ACC200573116 /* Debug */,
				4080F4741BA8ACC200573116 /* Release */,
			);
			defaultConfigurationIsVisible = 0;
			defaultConfigurationName = Release;
		};
		4080F4751BA8ACC200573116 /* Build configuration list for PBXNativeTarget "RFduinoLedButtonInSwift" */ = {
			isa = XCConfigurationList;
			buildConfigurations = (
				4080F4761BA8ACC200573116 /* Debug */,
				4080F4771BA8ACC200573116 /* Release */,
			);
			defaultConfigurationIsVisible = 0;
		};
		4080F4781BA8ACC200573116 /* Build configuration list for PBXNativeTarget "RFduinoLedButtonInSwiftTests" */ = {
			isa = XCConfigurationList;
			buildConfigurations = (
				4080F4791BA8ACC200573116 /* Debug */,
				4080F47A1BA8ACC200573116 /* Release */,
			);
			defaultConfigurationIsVisible = 0;
		};
/* End XCConfigurationList section */
	};
	rootObject = 4080F44E1BA8ACC100573116 /* Project object */;
}
